
Microsoft Visual Studio Solution File, Format Version 12.00
# Visual Studio 15
VisualStudioVersion = 15.0.28307.168
MinimumVisualStudioVersion = 10.0.40219.1
Project("{FAE04EC0-301F-11D3-BF4B-00C04F79EFBC}") = "lab3", "lab3\lab3.csproj", "{6A7BD28E-5DFD-4E5B-B01E-AB3C7E7FBB52}"
EndProject
Global
	GlobalSection(SolutionConfigurationPlatforms) = preSolution
		Debug|Any CPU = Debug|Any CPU
		Release|Any CPU = Release|Any CPU
	EndGlobalSection
	GlobalSection(ProjectConfigurationPlatforms) = postSolution
		{6A7BD28E-5DFD-4E5B-B01E-AB3C7E7FBB52}.Debug|Any CPU.ActiveCfg = Debug|Any CPU
		{6A7BD28E-5DFD-4E5B-B01E-AB3C7E7FBB52}.Debug|Any CPU.Build.0 = Debug|Any CPU
		{6A7BD28E-5DFD-4E5B-B01E-AB3C7E7FBB52}.Release|Any CPU.ActiveCfg = Release|Any CPU
		{6A7BD28E-5DFD-4E5B-B01E-AB3C7E7FBB52}.Release|Any CPU.Build.0 = Release|Any CPU
	EndGlobalSection
	GlobalSection(SolutionProperties) = preSolution
		HideSolutionNode = FALSE
	EndGlobalSection
	GlobalSection(ExtensibilityGlobals) = postSolution
		SolutionGuid = {70066BF6-3438-497B-8D15-EA72FDEA2567}
	EndGlobalSection
EndGlobal
